
Microsoft Visual Studio Solution File, Format Version 12.00
# Visual Studio 15
VisualStudioVersion = 15.0.28307.572
MinimumVisualStudioVersion = 10.0.40219.1
Project("{FAE04EC0-301F-11D3-BF4B-00C04F79EFBC}") = "ConsoleApp2", "ConsoleApp2\ConsoleApp2.csproj", "{7655BF18-5C4D-4698-8DDE-6E4244343ED3}"
EndProject
Global
	GlobalSection(SolutionConfigurationPlatforms) = preSolution
		Debug|Any CPU = Debug|Any CPU
		Release|Any CPU = Release|Any CPU
	EndGlobalSection
	GlobalSection(ProjectConfigurationPlatforms) = postSolution
		{7655BF18-5C4D-4698-8DDE-6E4244343ED3}.Debug|Any CPU.ActiveCfg = Debug|Any CPU
		{7655BF18-5C4D-4698-8DDE-6E4244343ED3}.Debug|Any CPU.Build.0 = Debug|Any CPU
		{7655BF18-5C4D-4698-8DDE-6E4244343ED3}.Release|Any CPU.ActiveCfg = Release|Any CPU
		{7655BF18-5C4D-4698-8DDE-6E4244343ED3}.Release|Any CPU.Build.0 = Release|Any CPU
	EndGlobalSection
	GlobalSection(SolutionProperties) = preSolution
		HideSolutionNode = FALSE
	EndGlobalSection
	GlobalSection(ExtensibilityGlobals) = postSolution
		SolutionGuid = {914C5BB9-3967-4668-85F4-4A1BC405087A}
	EndGlobalSection
EndGlobal
